
Microsoft Visual Studio Solution File, Format Version 12.00
# Visual Studio 15
VisualStudioVersion = 15.0.28307.168
MinimumVisualStudioVersion = 10.0.40219.1
Project("{FAE04EC0-301F-11D3-BF4B-00C04F79EFBC}") = "AcademicWebCoreASP", "AcademicWebCoreASP\AcademicWebCoreASP.csproj", "{34FA2F6B-3190-425F-BA86-6DCF8AAABC47}"
EndProject
Global
	GlobalSection(SolutionConfigurationPlatforms) = preSolution
		Debug|Any CPU = Debug|Any CPU
		Release|Any CPU = Release|Any CPU
	EndGlobalSection
	GlobalSection(ProjectConfigurationPlatforms) = postSolution
		{34FA2F6B-3190-425F-BA86-6DCF8AAABC47}.Debug|Any CPU.ActiveCfg = Debug|Any CPU
		{34FA2F6B-3190-425F-BA86-6DCF8AAABC47}.Debug|Any CPU.Build.0 = Debug|Any CPU
		{34FA2F6B-3190-425F-BA86-6DCF8AAABC47}.Release|Any CPU.ActiveCfg = Release|Any CPU
		{34FA2F6B-3190-425F-BA86-6DCF8AAABC47}.Release|Any CPU.Build.0 = Release|Any CPU
	EndGlobalSection
	GlobalSection(SolutionProperties) = preSolution
		HideSolutionNode = FALSE
	EndGlobalSection
	GlobalSection(ExtensibilityGlobals) = postSolution
		SolutionGuid = {CC584BD2-1775-4F49-B8FC-01A15C72E9EC}
	EndGlobalSection
EndGlobal
